// !$*UTF8*$!
{
	archiveVersion = 1;
	classes = {
	};
	objectVersion = 46;
	objects = {

/* Begin PBXBuildFile section */
		06708EA918969B06009AC9CD /* NBSJoinGroupViewController.m in Sources */ = {isa = PBXBuildFile; fileRef = 06708EA818969B06009AC9CD /* NBSJoinGroupViewController.m */; };
		067B15D618773C5C0037DCE3 /* NBSSocialManager+Vkontakte.m in Sources */ = {isa = PBXBuildFile; fileRef = 067B15D518773C5C0037DCE3 /* NBSSocialManager+Vkontakte.m */; };
		067B15E5187749600037DCE3 /* Localizable.strings in Resources */ = {isa = PBXBuildFile; fileRef = 067B15E3187749600037DCE3 /* Localizable.strings */; };
		067B15FD187829F00037DCE3 /* NBSProfileViewController.m in Sources */ = {isa = PBXBuildFile; fileRef = 067B15FC187829F00037DCE3 /* NBSProfileViewController.m */; };
		067B1600187B10DB0037DCE3 /* NBSRootViewController.m in Sources */ = {isa = PBXBuildFile; fileRef = 067B15FF187B10DB0037DCE3 /* NBSRootViewController.m */; };
		067B1603187B16540037DCE3 /* NBSMenuViewController.m in Sources */ = {isa = PBXBuildFile; fileRef = 067B1602187B16540037DCE3 /* NBSMenuViewController.m */; };
		06E6A7F2189074B100B1ABD4 /* SansRoundedC.otf in Resources */ = {isa = PBXBuildFile; fileRef = 06E6A7F0189074B100B1ABD4 /* SansRoundedC.otf */; };
		06E6A7F3189074B100B1ABD4 /* SansRoundedLightC.otf in Resources */ = {isa = PBXBuildFile; fileRef = 06E6A7F1189074B100B1ABD4 /* SansRoundedLightC.otf */; };
		06E6A7F618907C2E00B1ABD4 /* NBSDesignAdditions.m in Sources */ = {isa = PBXBuildFile; fileRef = 06E6A7F518907C2E00B1ABD4 /* NBSDesignAdditions.m */; };
		06E6A7FA18907EFF00B1ABD4 /* NBSAboutProjectViewController.m in Sources */ = {isa = PBXBuildFile; fileRef = 06E6A7F918907EFF00B1ABD4 /* NBSAboutProjectViewController.m */; };
		8407B673189E5C7C00A4F36A /* NBSViewController.m in Sources */ = {isa = PBXBuildFile; fileRef = 8407B672189E5C7C00A4F36A /* NBSViewController.m */; };
		842237BB1896EB890061A724 /* NBSGoogleAnalytics.m in Sources */ = {isa = PBXBuildFile; fileRef = 842237BA1896EB890061A724 /* NBSGoogleAnalytics.m */; };
		842237C4189720FE0061A724 /* NBSGalleryImage.m in Sources */ = {isa = PBXBuildFile; fileRef = 842237C3189720FE0061A724 /* NBSGalleryImage.m */; };
		842237C71897238B0061A724 /* NBSGalleryDetalViewController.m in Sources */ = {isa = PBXBuildFile; fileRef = 842237C61897238B0061A724 /* NBSGalleryDetalViewController.m */; };
		842237CA189752AC0061A724 /* NBSTemplateCameraOverlayView_iPad.xib in Resources */ = {isa = PBXBuildFile; fileRef = 842237C9189752AC0061A724 /* NBSTemplateCameraOverlayView_iPad.xib */; };
		842237CC1897559C0061A724 /* NBSPhotoCameraOverlay_iPad.xib in Resources */ = {isa = PBXBuildFile; fileRef = 842237CB1897559C0061A724 /* NBSPhotoCameraOverlay_iPad.xib */; };
		842C7AEC188582CA004CBA0C /* NBSImageCollectionContentPageController.m in Sources */ = {isa = PBXBuildFile; fileRef = 842C7AEB188582CA004CBA0C /* NBSImageCollectionContentPageController.m */; };
		842C7AF11886F83C004CBA0C /* NBSPhotoCameraOverlay.m in Sources */ = {isa = PBXBuildFile; fileRef = 842C7AF01886F83C004CBA0C /* NBSPhotoCameraOverlay.m */; };
		842C7AF31886F850004CBA0C /* NBSPhotoCameraOverlay.xib in Resources */ = {isa = PBXBuildFile; fileRef = 842C7AF21886F850004CBA0C /* NBSPhotoCameraOverlay.xib */; };
		842C7AF61886FFC1004CBA0C /* NBSPhotoPreviewController.m in Sources */ = {isa = PBXBuildFile; fileRef = 842C7AF51886FFC1004CBA0C /* NBSPhotoPreviewController.m */; };
		8432C3E318757F3E005C26B8 /* Foundation.framework in Frameworks */ = {isa = PBXBuildFile; fileRef = 8432C3E218757F3E005C26B8 /* Foundation.framework */; };
		8432C3E518757F3E005C26B8 /* CoreGraphics.framework in Frameworks */ = {isa = PBXBuildFile; fileRef = 8432C3E418757F3E005C26B8 /* CoreGraphics.framework */; };
		8432C3E718757F3E005C26B8 /* UIKit.framework in Frameworks */ = {isa = PBXBuildFile; fileRef = 8432C3E618757F3E005C26B8 /* UIKit.framework */; };
		8432C3EF18757F3E005C26B8 /* main.m in Sources */ = {isa = PBXBuildFile; fileRef = 8432C3EE18757F3E005C26B8 /* main.m */; };
		8432C3F318757F3E005C26B8 /* NBSAppDelegate.m in Sources */ = {isa = PBXBuildFile; fileRef = 8432C3F218757F3E005C26B8 /* NBSAppDelegate.m */; };
		8432C3F618757F3E005C26B8 /* Main_iPhone.storyboard in Resources */ = {isa = PBXBuildFile; fileRef = 8432C3F418757F3E005C26B8 /* Main_iPhone.storyboard */; };
		8432C3F918757F3E005C26B8 /* Main_iPad.storyboard in Resources */ = {isa = PBXBuildFile; fileRef = 8432C3F718757F3E005C26B8 /* Main_iPad.storyboard */; };
		8432C3FE18757F3E005C26B8 /* Images.xcassets in Resources */ = {isa = PBXBuildFile; fileRef = 8432C3FD18757F3E005C26B8 /* Images.xcassets */; };
		8432C40518757F3E005C26B8 /* XCTest.framework in Frameworks */ = {isa = PBXBuildFile; fileRef = 8432C40418757F3E005C26B8 /* XCTest.framework */; };
		8432C40618757F3E005C26B8 /* Foundation.framework in Frameworks */ = {isa = PBXBuildFile; fileRef = 8432C3E218757F3E005C26B8 /* Foundation.framework */; };
		8432C40718757F3E005C26B8 /* UIKit.framework in Frameworks */ = {isa = PBXBuildFile; fileRef = 8432C3E618757F3E005C26B8 /* UIKit.framework */; };
		8432C41118757F3E005C26B8 /* NescafeBrownSugarTests.m in Sources */ = {isa = PBXBuildFile; fileRef = 8432C41018757F3E005C26B8 /* NescafeBrownSugarTests.m */; };
		8432C4241875924A005C26B8 /* NBSInstructionsViewController.m in Sources */ = {isa = PBXBuildFile; fileRef = 8432C4231875924A005C26B8 /* NBSInstructionsViewController.m */; };
		845069131876E8080087FD3F /* NBSUser.m in Sources */ = {isa = PBXBuildFile; fileRef = 845069121876E8080087FD3F /* NBSUser.m */; };
		8450691A18774EE60087FD3F /* NBSSocialManager+Facebook.m in Sources */ = {isa = PBXBuildFile; fileRef = 8450691918774EE60087FD3F /* NBSSocialManager+Facebook.m */; };
		845069211877795D0087FD3F /* UIView+NIB.m in Sources */ = {isa = PBXBuildFile; fileRef = 845069201877795D0087FD3F /* UIView+NIB.m */; };
		8450692418777A800087FD3F /* NBSImageCollectionViewCell.m in Sources */ = {isa = PBXBuildFile; fileRef = 8450692318777A800087FD3F /* NBSImageCollectionViewCell.m */; };
		8450692E187792260087FD3F /* NBSNavigationController.m in Sources */ = {isa = PBXBuildFile; fileRef = 8450692D187792260087FD3F /* NBSNavigationController.m */; };
		845069341878231B0087FD3F /* NBSMainWorkViewController.m in Sources */ = {isa = PBXBuildFile; fileRef = 845069331878231B0087FD3F /* NBSMainWorkViewController.m */; };
		8450693B187859230087FD3F /* NBSTemplateCameraOverlayView.m in Sources */ = {isa = PBXBuildFile; fileRef = 8450693A187859230087FD3F /* NBSTemplateCameraOverlayView.m */; };
		8450693D187859350087FD3F /* NBSTemplateCameraOverlayView.xib in Resources */ = {isa = PBXBuildFile; fileRef = 8450693C187859350087FD3F /* NBSTemplateCameraOverlayView.xib */; };
		8450694018785E6A0087FD3F /* UIViewController+NBSNavigationItems.m in Sources */ = {isa = PBXBuildFile; fileRef = 8450693F18785E6A0087FD3F /* UIViewController+NBSNavigationItems.m */; };
		84506942187863760087FD3F /* MobileCoreServices.framework in Frameworks */ = {isa = PBXBuildFile; fileRef = 84506941187863760087FD3F /* MobileCoreServices.framework */; };
		84506945187867720087FD3F /* NBSSharePreviewController.m in Sources */ = {isa = PBXBuildFile; fileRef = 84506944187867720087FD3F /* NBSSharePreviewController.m */; };
		847A86CA1884901E00884965 /* NBSTemplate.m in Sources */ = {isa = PBXBuildFile; fileRef = 847A86C91884901E00884965 /* NBSTemplate.m */; };
		847A86CD1884A0B700884965 /* NBSImagesCollectionContainerViewController.m in Sources */ = {isa = PBXBuildFile; fileRef = 847A86CC1884A0B700884965 /* NBSImagesCollectionContainerViewController.m */; };
		84AB90BD1875FF2E005EEBE5 /* NBSSocialManager.m in Sources */ = {isa = PBXBuildFile; fileRef = 84AB90BC1875FF2E005EEBE5 /* NBSSocialManager.m */; };
		84B07DD8188D962B00D98EA2 /* UIImage+NBSExtensions.m in Sources */ = {isa = PBXBuildFile; fileRef = 84B07DD7188D962B00D98EA2 /* UIImage+NBSExtensions.m */; };
		84B07DDB188D96C700D98EA2 /* UIView+NBSExtensions.m in Sources */ = {isa = PBXBuildFile; fileRef = 84B07DDA188D96C700D98EA2 /* UIView+NBSExtensions.m */; };
		84B276E218925D0800E5BE8E /* NBSServerManager.m in Sources */ = {isa = PBXBuildFile; fileRef = 84B276E118925D0800E5BE8E /* NBSServerManager.m */; };
		84E0A013189396C200E863F2 /* NSDictionary+NBSExtensions.m in Sources */ = {isa = PBXBuildFile; fileRef = 84E0A012189396C200E863F2 /* NSDictionary+NBSExtensions.m */; };
		84EB6CD11890198D00FB38CD /* Social.framework in Frameworks */ = {isa = PBXBuildFile; fileRef = 84EB6CD01890198D00FB38CD /* Social.framework */; };
		84FAA7FE1875EC410007FB03 /* UIAlertView+NBSExtensions.m in Sources */ = {isa = PBXBuildFile; fileRef = 84FAA7FD1875EC410007FB03 /* UIAlertView+NBSExtensions.m */; };
		84FAA8021875EC690007FB03 /* NBSLoginViewController.m in Sources */ = {isa = PBXBuildFile; fileRef = 84FAA8011875EC690007FB03 /* NBSLoginViewController.m */; };
		84FAA8061875EC840007FB03 /* NBSInstructionsContentViewController.m in Sources */ = {isa = PBXBuildFile; fileRef = 84FAA8051875EC840007FB03 /* NBSInstructionsContentViewController.m */; };
		D1C643A5481E404EAE9D5B37 /* libPods.a in Frameworks */ = {isa = PBXBuildFile; fileRef = A1635DEA74D4411C8C6FFA78 /* libPods.a */; };
/* End PBXBuildFile section */

/* Begin PBXContainerItemProxy section */
		8432C40818757F3E005C26B8 /* PBXContainerItemProxy */ = {
			isa = PBXContainerItemProxy;
			containerPortal = 8432C3D718757F3D005C26B8 /* Project object */;
			proxyType = 1;
			remoteGlobalIDString = 8432C3DE18757F3D005C26B8;
			remoteInfo = NescafeBrownSugar;
		};
/* End PBXContainerItemProxy section */

/* Begin PBXFileReference section */
		06708EA718969B06009AC9CD /* NBSJoinGroupViewController.h */ = {isa = PBXFileReference; fileEncoding = 4; lastKnownFileType = sourcecode.c.h; name = NBSJoinGroupViewController.h; path = "View Controllers/Join Group/NBSJoinGroupViewController.h"; sourceTree = "<group>"; };
		06708EA818969B06009AC9CD /* NBSJoinGroupViewController.m */ = {isa = PBXFileReference; fileEncoding = 4; lastKnownFileType = sourcecode.c.objc; name = NBSJoinGroupViewController.m; path = "View Controllers/Join Group/NBSJoinGroupViewController.m"; sourceTree = "<group>"; };
		067B15D418773C5C0037DCE3 /* NBSSocialManager+Vkontakte.h */ = {isa = PBXFileReference; fileEncoding = 4; lastKnownFileType = sourcecode.c.h; name = "NBSSocialManager+Vkontakte.h"; path = "Model/Social Manager/NBSSocialManager+Vkontakte.h"; sourceTree = "<group>"; };
		067B15D518773C5C0037DCE3 /* NBSSocialManager+Vkontakte.m */ = {isa = PBXFileReference; fileEncoding = 4; lastKnownFileType = sourcecode.c.objc; name = "NBSSocialManager+Vkontakte.m"; path = "Model/Social Manager/NBSSocialManager+Vkontakte.m"; sourceTree = "<group>"; };
		067B15FA187767310037DCE3 /* Base */ = {isa = PBXFileReference; lastKnownFileType = file.storyboard; name = Base; path = Base.lproj/Main_iPhone.storyboard; sourceTree = "<group>"; };
		067B15FB187829F00037DCE3 /* NBSProfileViewController.h */ = {isa = PBXFileReference; fileEncoding = 4; lastKnownFileType = sourcecode.c.h; name = NBSProfileViewController.h; path = "View Controllers/Login/NBSProfileViewController.h"; sourceTree = "<group>"; };
		067B15FC187829F00037DCE3 /* NBSProfileViewController.m */ = {isa = PBXFileReference; fileEncoding = 4; lastKnownFileType = sourcecode.c.objc; name = NBSProfileViewController.m; path = "View Controllers/Login/NBSProfileViewController.m"; sourceTree = "<group>"; };
		067B15FE187B10DB0037DCE3 /* NBSRootViewController.h */ = {isa = PBXFileReference; fileEncoding = 4; lastKnownFileType = sourcecode.c.h; name = NBSRootViewController.h; path = "View Controllers/Base/NBSRootViewController.h"; sourceTree = "<group>"; };
		067B15FF187B10DB0037DCE3 /* NBSRootViewController.m */ = {isa = PBXFileReference; fileEncoding = 4; lastKnownFileType = sourcecode.c.objc; name = NBSRootViewController.m; path = "View Controllers/Base/NBSRootViewController.m"; sourceTree = "<group>"; };
		067B1601187B16540037DCE3 /* NBSMenuViewController.h */ = {isa = PBXFileReference; fileEncoding = 4; lastKnownFileType = sourcecode.c.h; name = NBSMenuViewController.h; path = "View Controllers/Base/NBSMenuViewController.h"; sourceTree = "<group>"; };
		067B1602187B16540037DCE3 /* NBSMenuViewController.m */ = {isa = PBXFileReference; fileEncoding = 4; lastKnownFileType = sourcecode.c.objc; name = NBSMenuViewController.m; path = "View Controllers/Base/NBSMenuViewController.m"; sourceTree = "<group>"; };
		06D72EC31875F568003B3762 /* CoreLocation.framework */ = {isa = PBXFileReference; lastKnownFileType = wrapper.framework; name = CoreLocation.framework; path = System/Library/Frameworks/CoreLocation.framework; sourceTree = SDKROOT; };
		06E6A7F0189074B100B1ABD4 /* SansRoundedC.otf */ = {isa = PBXFileReference; lastKnownFileType = file; name = SansRoundedC.otf; path = Resources/SansRoundedC.otf; sourceTree = "<group>"; };
		06E6A7F1189074B100B1ABD4 /* SansRoundedLightC.otf */ = {isa = PBXFileReference; lastKnownFileType = file; name = SansRoundedLightC.otf; path = Resources/SansRoundedLightC.otf; sourceTree = "<group>"; };
		06E6A7F418907C2E00B1ABD4 /* NBSDesignAdditions.h */ = {isa = PBXFileReference; fileEncoding = 4; lastKnownFileType = sourcecode.c.h; name = NBSDesignAdditions.h; path = Utils/NBSDesignAdditions.h; sourceTree = "<group>"; };
		06E6A7F518907C2E00B1ABD4 /* NBSDesignAdditions.m */ = {isa = PBXFileReference; fileEncoding = 4; lastKnownFileType = sourcecode.c.objc; name = NBSDesignAdditions.m; path = Utils/NBSDesignAdditions.m; sourceTree = "<group>"; };
		06E6A7F818907EFF00B1ABD4 /* NBSAboutProjectViewController.h */ = {isa = PBXFileReference; fileEncoding = 4; lastKnownFileType = sourcecode.c.h; name = NBSAboutProjectViewController.h; path = "View Controllers/About Project/NBSAboutProjectViewController.h"; sourceTree = "<group>"; };
		06E6A7F918907EFF00B1ABD4 /* NBSAboutProjectViewController.m */ = {isa = PBXFileReference; fileEncoding = 4; lastKnownFileType = sourcecode.c.objc; name = NBSAboutProjectViewController.m; path = "View Controllers/About Project/NBSAboutProjectViewController.m"; sourceTree = "<group>"; };
		8407B671189E5C7C00A4F36A /* NBSViewController.h */ = {isa = PBXFileReference; fileEncoding = 4; lastKnownFileType = sourcecode.c.h; name = NBSViewController.h; path = "View Controllers/Base/NBSViewController.h"; sourceTree = "<group>"; };
		8407B672189E5C7C00A4F36A /* NBSViewController.m */ = {isa = PBXFileReference; fileEncoding = 4; lastKnownFileType = sourcecode.c.objc; name = NBSViewController.m; path = "View Controllers/Base/NBSViewController.m"; sourceTree = "<group>"; };
		842237B91896EB890061A724 /* NBSGoogleAnalytics.h */ = {isa = PBXFileReference; fileEncoding = 4; lastKnownFileType = sourcecode.c.h; name = NBSGoogleAnalytics.h; path = Utils/NBSGoogleAnalytics.h; sourceTree = "<group>"; };
		842237BA1896EB890061A724 /* NBSGoogleAnalytics.m */ = {isa = PBXFileReference; fileEncoding = 4; lastKnownFileType = sourcecode.c.objc; name = NBSGoogleAnalytics.m; path = Utils/NBSGoogleAnalytics.m; sourceTree = "<group>"; };
		842237C2189720FE0061A724 /* NBSGalleryImage.h */ = {isa = PBXFileReference; fileEncoding = 4; lastKnownFileType = sourcecode.c.h; name = NBSGalleryImage.h; path = "Model/Gallery Image/NBSGalleryImage.h"; sourceTree = "<group>"; };
		842237C3189720FE0061A724 /* NBSGalleryImage.m */ = {isa = PBXFileReference; fileEncoding = 4; lastKnownFileType = sourcecode.c.objc; name = NBSGalleryImage.m; path = "Model/Gallery Image/NBSGalleryImage.m"; sourceTree = "<group>"; };
		842237C51897238B0061A724 /* NBSGalleryDetalViewController.h */ = {isa = PBXFileReference; fileEncoding = 4; lastKnownFileType = sourcecode.c.h; name = NBSGalleryDetalViewController.h; path = "View Controllers/Login/NBSGalleryDetalViewController.h"; sourceTree = "<group>"; };
		842237C61897238B0061A724 /* NBSGalleryDetalViewController.m */ = {isa = PBXFileReference; fileEncoding = 4; lastKnownFileType = sourcecode.c.objc; name = NBSGalleryDetalViewController.m; path = "View Controllers/Login/NBSGalleryDetalViewController.m"; sourceTree = "<group>"; };
		842237C9189752AC0061A724 /* NBSTemplateCameraOverlayView_iPad.xib */ = {isa = PBXFileReference; fileEncoding = 4; lastKnownFileType = file.xib; name = NBSTemplateCameraOverlayView_iPad.xib; path = "View Controllers/Main Work screen/NBSTemplateCameraOverlayView_iPad.xib"; sourceTree = "<group>"; };
		842237CB1897559C0061A724 /* NBSPhotoCameraOverlay_iPad.xib */ = {isa = PBXFileReference; fileEncoding = 4; lastKnownFileType = file.xib; name = NBSPhotoCameraOverlay_iPad.xib; path = "View Controllers/Main Work screen/NBSPhotoCameraOverlay_iPad.xib"; sourceTree = "<group>"; };
		842C7AEA188582CA004CBA0C /* NBSImageCollectionContentPageController.h */ = {isa = PBXFileReference; fileEncoding = 4; lastKnownFileType = sourcecode.c.h; name = NBSImageCollectionContentPageController.h; path = "View Controllers/Images Collection/NBSImageCollectionContentPageController.h"; sourceTree = "<group>"; };
		842C7AEB188582CA004CBA0C /* NBSImageCollectionContentPageController.m */ = {isa = PBXFileReference; fileEncoding = 4; lastKnownFileType = sourcecode.c.objc; name = NBSImageCollectionContentPageController.m; path = "View Controllers/Images Collection/NBSImageCollectionContentPageController.m"; sourceTree = "<group>"; };
		842C7AEF1886F83C004CBA0C /* NBSPhotoCameraOverlay.h */ = {isa = PBXFileReference; fileEncoding = 4; lastKnownFileType = sourcecode.c.h; name = NBSPhotoCameraOverlay.h; path = "View Controllers/Main Work screen/NBSPhotoCameraOverlay.h"; sourceTree = "<group>"; };
		842C7AF01886F83C004CBA0C /* NBSPhotoCameraOverlay.m */ = {isa = PBXFileReference; fileEncoding = 4; lastKnownFileType = sourcecode.c.objc; name = NBSPhotoCameraOverlay.m; path = "View Controllers/Main Work screen/NBSPhotoCameraOverlay.m"; sourceTree = "<group>"; };
		842C7AF21886F850004CBA0C /* NBSPhotoCameraOverlay.xib */ = {isa = PBXFileReference; fileEncoding = 4; lastKnownFileType = file.xib; name = NBSPhotoCameraOverlay.xib; path = "View Controllers/Main Work screen/NBSPhotoCameraOverlay.xib"; sourceTree = "<group>"; };
		842C7AF41886FFC1004CBA0C /* NBSPhotoPreviewController.h */ = {isa = PBXFileReference; fileEncoding = 4; lastKnownFileType = sourcecode.c.h; name = NBSPhotoPreviewController.h; path = "View Controllers/Main Work screen/NBSPhotoPreviewController.h"; sourceTree = "<group>"; };
		842C7AF51886FFC1004CBA0C /* NBSPhotoPreviewController.m */ = {isa = PBXFileReference; fileEncoding = 4; lastKnownFileType = sourcecode.c.objc; name = NBSPhotoPreviewController.m; path = "View Controllers/Main Work screen/NBSPhotoPreviewController.m"; sourceTree = "<group>"; };
		8432C3DF18757F3D005C26B8 /* NescafeBrownSugar.app */ = {isa = PBXFileReference; explicitFileType = wrapper.application; includeInIndex = 0; path = NescafeBrownSugar.app; sourceTree = BUILT_PRODUCTS_DIR; };
		8432C3E218757F3E005C26B8 /* Foundation.framework */ = {isa = PBXFileReference; lastKnownFileType = wrapper.framework; name = Foundation.framework; path = System/Library/Frameworks/Foundation.framework; sourceTree = SDKROOT; };
		8432C3E418757F3E005C26B8 /* CoreGraphics.framework */ = {isa = PBXFileReference; lastKnownFileType = wrapper.framework; name = CoreGraphics.framework; path = System/Library/Frameworks/CoreGraphics.framework; sourceTree = SDKROOT; };
		8432C3E618757F3E005C26B8 /* UIKit.framework */ = {isa = PBXFileReference; lastKnownFileType = wrapper.framework; name = UIKit.framework; path = System/Library/Frameworks/UIKit.framework; sourceTree = SDKROOT; };
		8432C3EA18757F3E005C26B8 /* NescafeBrownSugar-Info.plist */ = {isa = PBXFileReference; lastKnownFileType = text.plist.xml; path = "NescafeBrownSugar-Info.plist"; sourceTree = "<group>"; };
		8432C3EE18757F3E005C26B8 /* main.m */ = {isa = PBXFileReference; lastKnownFileType = sourcecode.c.objc; path = main.m; sourceTree = "<group>"; };
		8432C3F018757F3E005C26B8 /* NescafeBrownSugar-Prefix.pch */ = {isa = PBXFileReference; lastKnownFileType = sourcecode.c.h; path = "NescafeBrownSugar-Prefix.pch"; sourceTree = "<group>"; };
		8432C3F118757F3E005C26B8 /* NBSAppDelegate.h */ = {isa = PBXFileReference; lastKnownFileType = sourcecode.c.h; path = NBSAppDelegate.h; sourceTree = "<group>"; };
		8432C3F218757F3E005C26B8 /* NBSAppDelegate.m */ = {isa = PBXFileReference; lastKnownFileType = sourcecode.c.objc; path = NBSAppDelegate.m; sourceTree = "<group>"; };
		8432C3F818757F3E005C26B8 /* Base */ = {isa = PBXFileReference; lastKnownFileType = file.storyboard; name = Base; path = Base.lproj/Main_iPad.storyboard; sourceTree = "<group>"; };
		8432C3FD18757F3E005C26B8 /* Images.xcassets */ = {isa = PBXFileReference; lastKnownFileType = folder.assetcatalog; path = Images.xcassets; sourceTree = "<group>"; };
		8432C40318757F3E005C26B8 /* NescafeBrownSugarTests.xctest */ = {isa = PBXFileReference; explicitFileType = wrapper.cfbundle; includeInIndex = 0; path = NescafeBrownSugarTests.xctest; sourceTree = BUILT_PRODUCTS_DIR; };
		8432C40418757F3E005C26B8 /* XCTest.framework */ = {isa = PBXFileReference; lastKnownFileType = wrapper.framework; name = XCTest.framework; path = Library/Frameworks/XCTest.framework; sourceTree = DEVELOPER_DIR; };
		8432C40C18757F3E005C26B8 /* NescafeBrownSugarTests-Info.plist */ = {isa = PBXFileReference; lastKnownFileType = text.plist.xml; path = "NescafeBrownSugarTests-Info.plist"; sourceTree = "<group>"; };
		8432C41018757F3E005C26B8 /* NescafeBrownSugarTests.m */ = {isa = PBXFileReference; lastKnownFileType = sourcecode.c.objc; path = NescafeBrownSugarTests.m; sourceTree = "<group>"; };
		8432C4221875924A005C26B8 /* NBSInstructionsViewController.h */ = {isa = PBXFileReference; fileEncoding = 4; lastKnownFileType = sourcecode.c.h; name = NBSInstructionsViewController.h; path = "View Controllers/Instructions/NBSInstructionsViewController.h"; sourceTree = "<group>"; };
		8432C4231875924A005C26B8 /* NBSInstructionsViewController.m */ = {isa = PBXFileReference; fileEncoding = 4; lastKnownFileType = sourcecode.c.objc; name = NBSInstructionsViewController.m; path = "View Controllers/Instructions/NBSInstructionsViewController.m"; sourceTree = "<group>"; };
		845069111876E8080087FD3F /* NBSUser.h */ = {isa = PBXFileReference; fileEncoding = 4; lastKnownFileType = sourcecode.c.h; name = NBSUser.h; path = Model/User/NBSUser.h; sourceTree = "<group>"; };
		845069121876E8080087FD3F /* NBSUser.m */ = {isa = PBXFileReference; fileEncoding = 4; lastKnownFileType = sourcecode.c.objc; name = NBSUser.m; path = Model/User/NBSUser.m; sourceTree = "<group>"; };
		8450691818774EE60087FD3F /* NBSSocialManager+Facebook.h */ = {isa = PBXFileReference; fileEncoding = 4; lastKnownFileType = sourcecode.c.h; name = "NBSSocialManager+Facebook.h"; path = "Model/Social Manager/NBSSocialManager+Facebook.h"; sourceTree = "<group>"; };
		8450691918774EE60087FD3F /* NBSSocialManager+Facebook.m */ = {isa = PBXFileReference; fileEncoding = 4; lastKnownFileType = sourcecode.c.objc; name = "NBSSocialManager+Facebook.m"; path = "Model/Social Manager/NBSSocialManager+Facebook.m"; sourceTree = "<group>"; };
		8450691F1877795D0087FD3F /* UIView+NIB.h */ = {isa = PBXFileReference; fileEncoding = 4; lastKnownFileType = sourcecode.c.h; name = "UIView+NIB.h"; path = "Utils/UIView+NIB.h"; sourceTree = "<group>"; };
		845069201877795D0087FD3F /* UIView+NIB.m */ = {isa = PBXFileReference; fileEncoding = 4; lastKnownFileType = sourcecode.c.objc; name = "UIView+NIB.m"; path = "Utils/UIView+NIB.m"; sourceTree = "<group>"; };
		8450692218777A800087FD3F /* NBSImageCollectionViewCell.h */ = {isa = PBXFileReference; fileEncoding = 4; lastKnownFileType = sourcecode.c.h; name = NBSImageCollectionViewCell.h; path = "View Controllers/Images Collection/NBSImageCollectionViewCell.h"; sourceTree = "<group>"; };
		8450692318777A800087FD3F /* NBSImageCollectionViewCell.m */ = {isa = PBXFileReference; fileEncoding = 4; lastKnownFileType = sourcecode.c.objc; name = NBSImageCollectionViewCell.m; path = "View Controllers/Images Collection/NBSImageCollectionViewCell.m"; sourceTree = "<group>"; };
		8450692C187792260087FD3F /* NBSNavigationController.h */ = {isa = PBXFileReference; fileEncoding = 4; lastKnownFileType = sourcecode.c.h; name = NBSNavigationController.h; path = "View Controllers/Base/NBSNavigationController.h"; sourceTree = "<group>"; };
		8450692D187792260087FD3F /* NBSNavigationController.m */ = {isa = PBXFileReference; fileEncoding = 4; lastKnownFileType = sourcecode.c.objc; name = NBSNavigationController.m; path = "View Controllers/Base/NBSNavigationController.m"; sourceTree = "<group>"; };
		845069321878231B0087FD3F /* NBSMainWorkViewController.h */ = {isa = PBXFileReference; fileEncoding = 4; lastKnownFileType = sourcecode.c.h; name = NBSMainWorkViewController.h; path = "View Controllers/Main Work screen/NBSMainWorkViewController.h"; sourceTree = "<group>"; };
		845069331878231B0087FD3F /* NBSMainWorkViewController.m */ = {isa = PBXFileReference; fileEncoding = 4; lastKnownFileType = sourcecode.c.objc; name = NBSMainWorkViewController.m; path = "View Controllers/Main Work screen/NBSMainWorkViewController.m"; sourceTree = "<group>"; };
		84506935187854310087FD3F /* NBSCommonDefines.h */ = {isa = PBXFileReference; lastKnownFileType = sourcecode.c.h; name = NBSCommonDefines.h; path = Utils/NBSCommonDefines.h; sourceTree = "<group>"; };
		84506939187859230087FD3F /* NBSTemplateCameraOverlayView.h */ = {isa = PBXFileReference; fileEncoding = 4; lastKnownFileType = sourcecode.c.h; name = NBSTemplateCameraOverlayView.h; path = "View Controllers/Main Work screen/NBSTemplateCameraOverlayView.h"; sourceTree = "<group>"; };
		8450693A187859230087FD3F /* NBSTemplateCameraOverlayView.m */ = {isa = PBXFileReference; fileEncoding = 4; lastKnownFileType = sourcecode.c.objc; name = NBSTemplateCameraOverlayView.m; path = "View Controllers/Main Work screen/NBSTemplateCameraOverlayView.m"; sourceTree = "<group>"; };
		8450693C187859350087FD3F /* NBSTemplateCameraOverlayView.xib */ = {isa = PBXFileReference; fileEncoding = 4; lastKnownFileType = file.xib; name = NBSTemplateCameraOverlayView.xib; path = "View Controllers/Main Work screen/NBSTemplateCameraOverlayView.xib"; sourceTree = "<group>"; };
		8450693E18785E6A0087FD3F /* UIViewController+NBSNavigationItems.h */ = {isa = PBXFileReference; fileEncoding = 4; lastKnownFileType = sourcecode.c.h; name = "UIViewController+NBSNavigationItems.h"; path = "Utils/UIViewController+NBSNavigationItems.h"; sourceTree = "<group>"; };
		8450693F18785E6A0087FD3F /* UIViewController+NBSNavigationItems.m */ = {isa = PBXFileReference; fileEncoding = 4; lastKnownFileType = sourcecode.c.objc; name = "UIViewController+NBSNavigationItems.m"; path = "Utils/UIViewController+NBSNavigationItems.m"; sourceTree = "<group>"; };
		84506941187863760087FD3F /* MobileCoreServices.framework */ = {isa = PBXFileReference; lastKnownFileType = wrapper.framework; name = MobileCoreServices.framework; path = System/Library/Frameworks/MobileCoreServices.framework; sourceTree = SDKROOT; };
		84506943187867720087FD3F /* NBSSharePreviewController.h */ = {isa = PBXFileReference; fileEncoding = 4; lastKnownFileType = sourcecode.c.h; name = NBSSharePreviewController.h; path = "View Controllers/Share preview screen/NBSSharePreviewController.h"; sourceTree = "<group>"; };
		84506944187867720087FD3F /* NBSSharePreviewController.m */ = {isa = PBXFileReference; fileEncoding = 4; lastKnownFileType = sourcecode.c.objc; name = NBSSharePreviewController.m; path = "View Controllers/Share preview screen/NBSSharePreviewController.m"; sourceTree = "<group>"; };
		847A86C81884901E00884965 /* NBSTemplate.h */ = {isa = PBXFileReference; fileEncoding = 4; lastKnownFileType = sourcecode.c.h; name = NBSTemplate.h; path = Model/Template/NBSTemplate.h; sourceTree = "<group>"; };
		847A86C91884901E00884965 /* NBSTemplate.m */ = {isa = PBXFileReference; fileEncoding = 4; lastKnownFileType = sourcecode.c.objc; name = NBSTemplate.m; path = Model/Template/NBSTemplate.m; sourceTree = "<group>"; };
		847A86CB1884A0B700884965 /* NBSImagesCollectionContainerViewController.h */ = {isa = PBXFileReference; fileEncoding = 4; lastKnownFileType = sourcecode.c.h; name = NBSImagesCollectionContainerViewController.h; path = "View Controllers/Images Collection/NBSImagesCollectionContainerViewController.h"; sourceTree = "<group>"; };
		847A86CC1884A0B700884965 /* NBSImagesCollectionContainerViewController.m */ = {isa = PBXFileReference; fileEncoding = 4; lastKnownFileType = sourcecode.c.objc; name = NBSImagesCollectionContainerViewController.m; path = "View Controllers/Images Collection/NBSImagesCollectionContainerViewController.m"; sourceTree = "<group>"; };
		84AB90BB1875FF2E005EEBE5 /* NBSSocialManager.h */ = {isa = PBXFileReference; fileEncoding = 4; lastKnownFileType = sourcecode.c.h; name = NBSSocialManager.h; path = "Model/Social Manager/NBSSocialManager.h"; sourceTree = "<group>"; };
		84AB90BC1875FF2E005EEBE5 /* NBSSocialManager.m */ = {isa = PBXFileReference; fileEncoding = 4; lastKnownFileType = sourcecode.c.objc; name = NBSSocialManager.m; path = "Model/Social Manager/NBSSocialManager.m"; sourceTree = "<group>"; };
		84AB90BE1875FFB0005EEBE5 /* NBSTypes.h */ = {isa = PBXFileReference; lastKnownFileType = sourcecode.c.h; name = NBSTypes.h; path = Utils/NBSTypes.h; sourceTree = "<group>"; };
		84B07DD6188D962B00D98EA2 /* UIImage+NBSExtensions.h */ = {isa = PBXFileReference; fileEncoding = 4; lastKnownFileType = sourcecode.c.h; name = "UIImage+NBSExtensions.h"; path = "Utils/UIImage+NBSExtensions.h"; sourceTree = "<group>"; };
		84B07DD7188D962B00D98EA2 /* UIImage+NBSExtensions.m */ = {isa = PBXFileReference; fileEncoding = 4; lastKnownFileType = sourcecode.c.objc; name = "UIImage+NBSExtensions.m"; path = "Utils/UIImage+NBSExtensions.m"; sourceTree = "<group>"; };
		84B07DD9188D96C700D98EA2 /* UIView+NBSExtensions.h */ = {isa = PBXFileReference; fileEncoding = 4; lastKnownFileType = sourcecode.c.h; name = "UIView+NBSExtensions.h"; path = "Utils/UIView+NBSExtensions.h"; sourceTree = "<group>"; };
		84B07DDA188D96C700D98EA2 /* UIView+NBSExtensions.m */ = {isa = PBXFileReference; fileEncoding = 4; lastKnownFileType = sourcecode.c.objc; name = "UIView+NBSExtensions.m"; path = "Utils/UIView+NBSExtensions.m"; sourceTree = "<group>"; };
		84B276E018925D0800E5BE8E /* NBSServerManager.h */ = {isa = PBXFileReference; fileEncoding = 4; lastKnownFileType = sourcecode.c.h; name = NBSServerManager.h; path = "Model/Server Manager/NBSServerManager.h"; sourceTree = "<group>"; };
		84B276E118925D0800E5BE8E /* NBSServerManager.m */ = {isa = PBXFileReference; fileEncoding = 4; lastKnownFileType = sourcecode.c.objc; name = NBSServerManager.m; path = "Model/Server Manager/NBSServerManager.m"; sourceTree = "<group>"; };
		84DD7B1218913684003B9986 /* Base */ = {isa = PBXFileReference; lastKnownFileType = text.plist.strings; name = Base; path = Base.lproj/Localizable.strings; sourceTree = "<group>"; };
		84E0A011189396C100E863F2 /* NSDictionary+NBSExtensions.h */ = {isa = PBXFileReference; fileEncoding = 4; lastKnownFileType = sourcecode.c.h; name = "NSDictionary+NBSExtensions.h"; path = "Utils/NSDictionary+NBSExtensions.h"; sourceTree = "<group>"; };
		84E0A012189396C200E863F2 /* NSDictionary+NBSExtensions.m */ = {isa = PBXFileReference; fileEncoding = 4; lastKnownFileType = sourcecode.c.objc; name = "NSDictionary+NBSExtensions.m"; path = "Utils/NSDictionary+NBSExtensions.m"; sourceTree = "<group>"; };
		84EB6CD01890198D00FB38CD /* Social.framework */ = {isa = PBXFileReference; lastKnownFileType = wrapper.framework; name = Social.framework; path = System/Library/Frameworks/Social.framework; sourceTree = SDKROOT; };
		84FAA7FC1875EC410007FB03 /* UIAlertView+NBSExtensions.h */ = {isa = PBXFileReference; fileEncoding = 4; lastKnownFileType = sourcecode.c.h; name = "UIAlertView+NBSExtensions.h"; path = "Utils/UIAlertView+NBSExtensions.h"; sourceTree = "<group>"; };
		84FAA7FD1875EC410007FB03 /* UIAlertView+NBSExtensions.m */ = {isa = PBXFileReference; fileEncoding = 4; lastKnownFileType = sourcecode.c.objc; name = "UIAlertView+NBSExtensions.m"; path = "Utils/UIAlertView+NBSExtensions.m"; sourceTree = "<group>"; };
		84FAA8001875EC690007FB03 /* NBSLoginViewController.h */ = {isa = PBXFileReference; fileEncoding = 4; lastKnownFileType = sourcecode.c.h; path = NBSLoginViewController.h; sourceTree = "<group>"; };
		84FAA8011875EC690007FB03 /* NBSLoginViewController.m */ = {isa = PBXFileReference; fileEncoding = 4; lastKnownFileType = sourcecode.c.objc; path = NBSLoginViewController.m; sourceTree = "<group>"; };
		84FAA8041875EC840007FB03 /* NBSInstructionsContentViewController.h */ = {isa = PBXFileReference; fileEncoding = 4; lastKnownFileType = sourcecode.c.h; path = NBSInstructionsContentViewController.h; sourceTree = "<group>"; };
		84FAA8051875EC840007FB03 /* NBSInstructionsContentViewController.m */ = {isa = PBXFileReference; fileEncoding = 4; lastKnownFileType = sourcecode.c.objc; path = NBSInstructionsContentViewController.m; sourceTree = "<group>"; };
		A1635DEA74D4411C8C6FFA78 /* libPods.a */ = {isa = PBXFileReference; explicitFileType = archive.ar; includeInIndex = 0; path = libPods.a; sourceTree = BUILT_PRODUCTS_DIR; };
		C964371ED0344922A75D1934 /* Pods.xcconfig */ = {isa = PBXFileReference; includeInIndex = 1; lastKnownFileType = text.xcconfig; name = Pods.xcconfig; path = Pods/Pods.xcconfig; sourceTree = SOURCE_ROOT; };
/* End PBXFileReference section */

/* Begin PBXFrameworksBuildPhase section */
		8432C3DC18757F3D005C26B8 /* Frameworks */ = {
			isa = PBXFrameworksBuildPhase;
			buildActionMask = 2147483647;
			files = (
				84EB6CD11890198D00FB38CD /* Social.framework in Frameworks */,
				84506942187863760087FD3F /* MobileCoreServices.framework in Frameworks */,
				8432C3E518757F3E005C26B8 /* CoreGraphics.framework in Frameworks */,
				8432C3E718757F3E005C26B8 /* UIKit.framework in Frameworks */,
				8432C3E318757F3E005C26B8 /* Foundation.framework in Frameworks */,
				D1C643A5481E404EAE9D5B37 /* libPods.a in Frameworks */,
			);
			runOnlyForDeploymentPostprocessing = 0;
		};
		8432C40018757F3E005C26B8 /* Frameworks */ = {
			isa = PBXFrameworksBuildPhase;
			buildActionMask = 2147483647;
			files = (
				8432C40518757F3E005C26B8 /* XCTest.framework in Frameworks */,
				8432C40718757F3E005C26B8 /* UIKit.framework in Frameworks */,
				8432C40618757F3E005C26B8 /* Foundation.framework in Frameworks */,
			);
			runOnlyForDeploymentPostprocessing = 0;
		};
/* End PBXFrameworksBuildPhase section */

/* Begin PBXGroup section */
		06708EA618969A7C009AC9CD /* Join Group */ = {
			isa = PBXGroup;
			children = (
				06708EA718969B06009AC9CD /* NBSJoinGroupViewController.h */,
				06708EA818969B06009AC9CD /* NBSJoinGroupViewController.m */,
			);
			name = "Join Group";
			sourceTree = "<group>";
		};
		06E6A7EF1890749C00B1ABD4 /* Resources */ = {
			isa = PBXGroup;
			children = (
				06E6A7F0189074B100B1ABD4 /* SansRoundedC.otf */,
				06E6A7F1189074B100B1ABD4 /* SansRoundedLightC.otf */,
				8432C3FD18757F3E005C26B8 /* Images.xcassets */,
			);
			name = Resources;
			sourceTree = "<group>";
		};
		06E6A7F718907ECE00B1ABD4 /* About Project */ = {
			isa = PBXGroup;
			children = (
				06E6A7F818907EFF00B1ABD4 /* NBSAboutProjectViewController.h */,
				06E6A7F918907EFF00B1ABD4 /* NBSAboutProjectViewController.m */,
			);
			name = "About Project";
			sourceTree = "<group>";
		};
		06F41F3A188478B4002B2055 /* Profile */ = {
			isa = PBXGroup;
			children = (
				067B15FB187829F00037DCE3 /* NBSProfileViewController.h */,
				067B15FC187829F00037DCE3 /* NBSProfileViewController.m */,
				842237C51897238B0061A724 /* NBSGalleryDetalViewController.h */,
				842237C61897238B0061A724 /* NBSGalleryDetalViewController.m */,
			);
			name = Profile;
			sourceTree = "<group>";
		};
		842237C1189720D80061A724 /* Gallery Image */ = {
			isa = PBXGroup;
			children = (
				842237C2189720FE0061A724 /* NBSGalleryImage.h */,
				842237C3189720FE0061A724 /* NBSGalleryImage.m */,
			);
			name = "Gallery Image";
			sourceTree = "<group>";
		};
		842C7AED1886F6FA004CBA0C /* Template Overlay */ = {
			isa = PBXGroup;
			children = (
				84506939187859230087FD3F /* NBSTemplateCameraOverlayView.h */,
				8450693A187859230087FD3F /* NBSTemplateCameraOverlayView.m */,
				8450693C187859350087FD3F /* NBSTemplateCameraOverlayView.xib */,
				842237C9189752AC0061A724 /* NBSTemplateCameraOverlayView_iPad.xib */,
			);
			name = "Template Overlay";
			sourceTree = "<group>";
		};
		842C7AEE1886F705004CBA0C /* Photo Overlay */ = {
			isa = PBXGroup;
			children = (
				842C7AEF1886F83C004CBA0C /* NBSPhotoCameraOverlay.h */,
				842C7AF01886F83C004CBA0C /* NBSPhotoCameraOverlay.m */,
				842C7AF21886F850004CBA0C /* NBSPhotoCameraOverlay.xib */,
				842237CB1897559C0061A724 /* NBSPhotoCameraOverlay_iPad.xib */,
			);
			name = "Photo Overlay";
			sourceTree = "<group>";
		};
		8432C3D618757F3D005C26B8 = {
			isa = PBXGroup;
			children = (
				8432C3E818757F3E005C26B8 /* NescafeBrownSugar */,
				8432C40A18757F3E005C26B8 /* NescafeBrownSugarTests */,
				8432C3E118757F3E005C26B8 /* Frameworks */,
				8432C3E018757F3D005C26B8 /* Products */,
				C964371ED0344922A75D1934 /* Pods.xcconfig */,
			);
			sourceTree = "<group>";
		};
		8432C3E018757F3D005C26B8 /* Products */ = {
			isa = PBXGroup;
			children = (
				8432C3DF18757F3D005C26B8 /* NescafeBrownSugar.app */,
				8432C40318757F3E005C26B8 /* NescafeBrownSugarTests.xctest */,
			);
			name = Products;
			sourceTree = "<group>";
		};
		8432C3E118757F3E005C26B8 /* Frameworks */ = {
			isa = PBXGroup;
			children = (
				84EB6CD01890198D00FB38CD /* Social.framework */,
				84506941187863760087FD3F /* MobileCoreServices.framework */,
				06D72EC31875F568003B3762 /* CoreLocation.framework */,
				8432C3E218757F3E005C26B8 /* Foundation.framework */,
				8432C3E418757F3E005C26B8 /* CoreGraphics.framework */,
				8432C3E618757F3E005C26B8 /* UIKit.framework */,
				8432C40418757F3E005C26B8 /* XCTest.framework */,
				A1635DEA74D4411C8C6FFA78 /* libPods.a */,
			);
			name = Frameworks;
			sourceTree = "<group>";
		};
		8432C3E818757F3E005C26B8 /* NescafeBrownSugar */ = {
			isa = PBXGroup;
			children = (
				8432C3F118757F3E005C26B8 /* NBSAppDelegate.h */,
				8432C3F218757F3E005C26B8 /* NBSAppDelegate.m */,
				8432C3F418757F3E005C26B8 /* Main_iPhone.storyboard */,
				8432C3F718757F3E005C26B8 /* Main_iPad.storyboard */,
				8432C4291875AA57005C26B8 /* Model */,
				8432C41A18758B30005C26B8 /* View Controllers */,
				84506927187790EA0087FD3F /* Common Views */,
				84FAA7FB1875EBAB0007FB03 /* Utils */,
				06E6A7EF1890749C00B1ABD4 /* Resources */,
				8432C3E918757F3E005C26B8 /* Supporting Files */,
			);
			path = NescafeBrownSugar;
			sourceTree = "<group>";
		};
		8432C3E918757F3E005C26B8 /* Supporting Files */ = {
			isa = PBXGroup;
			children = (
				8432C3EA18757F3E005C26B8 /* NescafeBrownSugar-Info.plist */,
				8432C3EE18757F3E005C26B8 /* main.m */,
				8432C3F018757F3E005C26B8 /* NescafeBrownSugar-Prefix.pch */,
				067B15E3187749600037DCE3 /* Localizable.strings */,
			);
			name = "Supporting Files";
			sourceTree = "<group>";
		};
		8432C40A18757F3E005C26B8 /* NescafeBrownSugarTests */ = {
			isa = PBXGroup;
			children = (
				8432C41018757F3E005C26B8 /* NescafeBrownSugarTests.m */,
				8432C40B18757F3E005C26B8 /* Supporting Files */,
			);
			path = NescafeBrownSugarTests;
			sourceTree = "<group>";
		};
		8432C40B18757F3E005C26B8 /* Supporting Files */ = {
			isa = PBXGroup;
			children = (
				8432C40C18757F3E005C26B8 /* NescafeBrownSugarTests-Info.plist */,
			);
			name = "Supporting Files";
			sourceTree = "<group>";
		};
		8432C41A18758B30005C26B8 /* View Controllers */ = {
			isa = PBXGroup;
			children = (
				06E6A7F718907ECE00B1ABD4 /* About Project */,
				06F41F3A188478B4002B2055 /* Profile */,
				8432C42A1875AA7E005C26B8 /* Base */,
				8432C41B18758BEC005C26B8 /* Instructions */,
				84FAA7FF1875EC690007FB03 /* Login */,
				8450691B187771A30087FD3F /* Images Collection */,
				84506931187822DA0087FD3F /* Main Work screen */,
				8450693018779AB60087FD3F /* Share preview screen */,
				06708EA618969A7C009AC9CD /* Join Group */,
			);
			name = "View Controllers";
			sourceTree = "<group>";
		};
		8432C41B18758BEC005C26B8 /* Instructions */ = {
			isa = PBXGroup;
			children = (
				84FAA8031875EC840007FB03 /* Instructions Content */,
				8432C4221875924A005C26B8 /* NBSInstructionsViewController.h */,
				8432C4231875924A005C26B8 /* NBSInstructionsViewController.m */,
			);
			name = Instructions;
			sourceTree = "<group>";
		};
		8432C4291875AA57005C26B8 /* Model */ = {
			isa = PBXGroup;
			children = (
				842237C1189720D80061A724 /* Gallery Image */,
				84B276DF18925CDA00E5BE8E /* Server Manager */,
				847A86C718848FD500884965 /* Template */,
				845069101876E7F40087FD3F /* User */,
				84AB90BA1875FC67005EEBE5 /* Social Manager */,
			);
			name = Model;
			sourceTree = "<group>";
		};
		8432C42A1875AA7E005C26B8 /* Base */ = {
			isa = PBXGroup;
			children = (
				8450692C187792260087FD3F /* NBSNavigationController.h */,
				8450692D187792260087FD3F /* NBSNavigationController.m */,
				067B15FE187B10DB0037DCE3 /* NBSRootViewController.h */,
				067B15FF187B10DB0037DCE3 /* NBSRootViewController.m */,
				067B1601187B16540037DCE3 /* NBSMenuViewController.h */,
				067B1602187B16540037DCE3 /* NBSMenuViewController.m */,
				8407B671189E5C7C00A4F36A /* NBSViewController.h */,
				8407B672189E5C7C00A4F36A /* NBSViewController.m */,
			);
			name = Base;
			sourceTree = "<group>";
		};
		845069101876E7F40087FD3F /* User */ = {
			isa = PBXGroup;
			children = (
				845069111876E8080087FD3F /* NBSUser.h */,
				845069121876E8080087FD3F /* NBSUser.m */,
			);
			name = User;
			sourceTree = "<group>";
		};
		8450691B187771A30087FD3F /* Images Collection */ = {
			isa = PBXGroup;
			children = (
				8450692218777A800087FD3F /* NBSImageCollectionViewCell.h */,
				8450692318777A800087FD3F /* NBSImageCollectionViewCell.m */,
				847A86CB1884A0B700884965 /* NBSImagesCollectionContainerViewController.h */,
				847A86CC1884A0B700884965 /* NBSImagesCollectionContainerViewController.m */,
				842C7AEA188582CA004CBA0C /* NBSImageCollectionContentPageController.h */,
				842C7AEB188582CA004CBA0C /* NBSImageCollectionContentPageController.m */,
			);
			name = "Images Collection";
			sourceTree = "<group>";
		};
		84506927187790EA0087FD3F /* Common Views */ = {
			isa = PBXGroup;
			children = (
			);
			name = "Common Views";
			sourceTree = "<group>";
		};
		8450693018779AB60087FD3F /* Share preview screen */ = {
			isa = PBXGroup;
			children = (
				84506943187867720087FD3F /* NBSSharePreviewController.h */,
				84506944187867720087FD3F /* NBSSharePreviewController.m */,
			);
			name = "Share preview screen";
			sourceTree = "<group>";
		};
		84506931187822DA0087FD3F /* Main Work screen */ = {
			isa = PBXGroup;
			children = (
				845069321878231B0087FD3F /* NBSMainWorkViewController.h */,
				845069331878231B0087FD3F /* NBSMainWorkViewController.m */,
				842C7AEE1886F705004CBA0C /* Photo Overlay */,
				842C7AED1886F6FA004CBA0C /* Template Overlay */,
				842C7AF41886FFC1004CBA0C /* NBSPhotoPreviewController.h */,
				842C7AF51886FFC1004CBA0C /* NBSPhotoPreviewController.m */,
			);
			name = "Main Work screen";
			sourceTree = "<group>";
		};
		847A86C718848FD500884965 /* Template */ = {
			isa = PBXGroup;
			children = (
				847A86C81884901E00884965 /* NBSTemplate.h */,
				847A86C91884901E00884965 /* NBSTemplate.m */,
			);
			name = Template;
			sourceTree = "<group>";
		};
		84AB90BA1875FC67005EEBE5 /* Social Manager */ = {
			isa = PBXGroup;
			children = (
				84AB90BB1875FF2E005EEBE5 /* NBSSocialManager.h */,
				84AB90BC1875FF2E005EEBE5 /* NBSSocialManager.m */,
				067B15D418773C5C0037DCE3 /* NBSSocialManager+Vkontakte.h */,
				067B15D518773C5C0037DCE3 /* NBSSocialManager+Vkontakte.m */,
				8450691818774EE60087FD3F /* NBSSocialManager+Facebook.h */,
				8450691918774EE60087FD3F /* NBSSocialManager+Facebook.m */,
			);
			name = "Social Manager";
			sourceTree = "<group>";
		};
		84B276DF18925CDA00E5BE8E /* Server Manager */ = {
			isa = PBXGroup;
			children = (
				84B276E018925D0800E5BE8E /* NBSServerManager.h */,
				84B276E118925D0800E5BE8E /* NBSServerManager.m */,
			);
			name = "Server Manager";
			sourceTree = "<group>";
		};
		84FAA7FB1875EBAB0007FB03 /* Utils */ = {
			isa = PBXGroup;
			children = (
				84FAA7FC1875EC410007FB03 /* UIAlertView+NBSExtensions.h */,
				84FAA7FD1875EC410007FB03 /* UIAlertView+NBSExtensions.m */,
				84506935187854310087FD3F /* NBSCommonDefines.h */,
				84AB90BE1875FFB0005EEBE5 /* NBSTypes.h */,
				8450691F1877795D0087FD3F /* UIView+NIB.h */,
				845069201877795D0087FD3F /* UIView+NIB.m */,
				8450693E18785E6A0087FD3F /* UIViewController+NBSNavigationItems.h */,
				8450693F18785E6A0087FD3F /* UIViewController+NBSNavigationItems.m */,
				84B07DD6188D962B00D98EA2 /* UIImage+NBSExtensions.h */,
				84B07DD7188D962B00D98EA2 /* UIImage+NBSExtensions.m */,
				84B07DD9188D96C700D98EA2 /* UIView+NBSExtensions.h */,
				84B07DDA188D96C700D98EA2 /* UIView+NBSExtensions.m */,
				06E6A7F418907C2E00B1ABD4 /* NBSDesignAdditions.h */,
				06E6A7F518907C2E00B1ABD4 /* NBSDesignAdditions.m */,
				84E0A011189396C100E863F2 /* NSDictionary+NBSExtensions.h */,
				84E0A012189396C200E863F2 /* NSDictionary+NBSExtensions.m */,
				842237B91896EB890061A724 /* NBSGoogleAnalytics.h */,
				842237BA1896EB890061A724 /* NBSGoogleAnalytics.m */,
			);
			name = Utils;
			sourceTree = "<group>";
		};
		84FAA7FF1875EC690007FB03 /* Login */ = {
			isa = PBXGroup;
			children = (
				84FAA8001875EC690007FB03 /* NBSLoginViewController.h */,
				84FAA8011875EC690007FB03 /* NBSLoginViewController.m */,
			);
			name = Login;
			path = "View Controllers/Login";
			sourceTree = "<group>";
		};
		84FAA8031875EC840007FB03 /* Instructions Content */ = {
			isa = PBXGroup;
			children = (
				84FAA8041875EC840007FB03 /* NBSInstructionsContentViewController.h */,
				84FAA8051875EC840007FB03 /* NBSInstructionsContentViewController.m */,
			);
			name = "Instructions Content";
			path = "View Controllers/Instructions/Instructions Content";
			sourceTree = "<group>";
		};
/* End PBXGroup section */

/* Begin PBXNativeTarget section */
		8432C3DE18757F3D005C26B8 /* NescafeBrownSugar */ = {
			isa = PBXNativeTarget;
			buildConfigurationList = 8432C41418757F3E005C26B8 /* Build configuration list for PBXNativeTarget "NescafeBrownSugar" */;
			buildPhases = (
				43CB707816474BE2A6940F22 /* Check Pods Manifest.lock */,
				8432C3DB18757F3D005C26B8 /* Sources */,
				8432C3DC18757F3D005C26B8 /* Frameworks */,
				8432C3DD18757F3D005C26B8 /* Resources */,
				3B2EC2D166CB4D6F81F79552 /* Copy Pods Resources */,
			);
			buildRules = (
			);
			dependencies = (
			);
			name = NescafeBrownSugar;
			productName = NescafeBrownSugar;
			productReference = 8432C3DF18757F3D005C26B8 /* NescafeBrownSugar.app */;
			productType = "com.apple.product-type.application";
		};
		8432C40218757F3E005C26B8 /* NescafeBrownSugarTests */ = {
			isa = PBXNativeTarget;
			buildConfigurationList = 8432C41718757F3E005C26B8 /* Build configuration list for PBXNativeTarget "NescafeBrownSugarTests" */;
			buildPhases = (
				8432C3FF18757F3E005C26B8 /* Sources */,
				8432C40018757F3E005C26B8 /* Frameworks */,
				8432C40118757F3E005C26B8 /* Resources */,
			);
			buildRules = (
			);
			dependencies = (
				8432C40918757F3E005C26B8 /* PBXTargetDependency */,
			);
			name = NescafeBrownSugarTests;
			productName = NescafeBrownSugarTests;
			productReference = 8432C40318757F3E005C26B8 /* NescafeBrownSugarTests.xctest */;
			productType = "com.apple.product-type.bundle.unit-test";
		};
/* End PBXNativeTarget section */

/* Begin PBXProject section */
		8432C3D718757F3D005C26B8 /* Project object */ = {
			isa = PBXProject;
			attributes = {
				CLASSPREFIX = NBS;
				LastUpgradeCheck = 0500;
				ORGANIZATIONNAME = COXO;
				TargetAttributes = {
					8432C40218757F3E005C26B8 = {
						TestTargetID = 8432C3DE18757F3D005C26B8;
					};
				};
			};
			buildConfigurationList = 8432C3DA18757F3D005C26B8 /* Build configuration list for PBXProject "NescafeBrownSugar" */;
			compatibilityVersion = "Xcode 3.2";
			developmentRegion = English;
			hasScannedForEncodings = 0;
			knownRegions = (
				en,
				Base,
				uk,
				ru,
			);
			mainGroup = 8432C3D618757F3D005C26B8;
			productRefGroup = 8432C3E018757F3D005C26B8 /* Products */;
			projectDirPath = "";
			projectRoot = "";
			targets = (
				8432C3DE18757F3D005C26B8 /* NescafeBrownSugar */,
				8432C40218757F3E005C26B8 /* NescafeBrownSugarTests */,
			);
		};
/* End PBXProject section */

/* Begin PBXResourcesBuildPhase section */
		8432C3DD18757F3D005C26B8 /* Resources */ = {
			isa = PBXResourcesBuildPhase;
			buildActionMask = 2147483647;
			files = (
				842237CA189752AC0061A724 /* NBSTemplateCameraOverlayView_iPad.xib in Resources */,
				06E6A7F2189074B100B1ABD4 /* SansRoundedC.otf in Resources */,
				8432C3F918757F3E005C26B8 /* Main_iPad.storyboard in Resources */,
				067B15E5187749600037DCE3 /* Localizable.strings in Resources */,
				842237CC1897559C0061A724 /* NBSPhotoCameraOverlay_iPad.xib in Resources */,
				8432C3FE18757F3E005C26B8 /* Images.xcassets in Resources */,
				8450693D187859350087FD3F /* NBSTemplateCameraOverlayView.xib in Resources */,
				06E6A7F3189074B100B1ABD4 /* SansRoundedLightC.otf in Resources */,
				8432C3F618757F3E005C26B8 /* Main_iPhone.storyboard in Resources */,
				842C7AF31886F850004CBA0C /* NBSPhotoCameraOverlay.xib in Resources */,
			);
			runOnlyForDeploymentPostprocessing = 0;
		};
		8432C40118757F3E005C26B8 /* Resources */ = {
			isa = PBXResourcesBuildPhase;
			buildActionMask = 2147483647;
			files = (
			);
			runOnlyForDeploymentPostprocessing = 0;
		};
/* End PBXResourcesBuildPhase section */

/* Begin PBXShellScriptBuildPhase section */
		3B2EC2D166CB4D6F81F79552 /* Copy Pods Resources */ = {
			isa = PBXShellScriptBuildPhase;
			buildActionMask = 2147483647;
			files = (
			);
			inputPaths = (
			);
			name = "Copy Pods Resources";
			outputPaths = (
			);
			runOnlyForDeploymentPostprocessing = 0;
			shellPath = /bin/sh;
			shellScript = "\"${SRCROOT}/Pods/Pods-resources.sh\"\n";
		};
		43CB707816474BE2A6940F22 /* Check Pods Manifest.lock */ = {
			isa = PBXShellScriptBuildPhase;
			buildActionMask = 2147483647;
			files = (
			);
			inputPaths = (
			);
			name = "Check Pods Manifest.lock";
			outputPaths = (
			);
			runOnlyForDeploymentPostprocessing = 0;
			shellPath = /bin/sh;
			shellScript = "diff \"${PODS_ROOT}/../Podfile.lock\" \"${PODS_ROOT}/Manifest.lock\" > /dev/null\nif [[ $? != 0 ]] ; then\n    cat << EOM\nerror: The sandbox is not in sync with the Podfile.lock. Run 'pod install' or update your CocoaPods installation.\nEOM\n    exit 1\nfi\n";
		};
/* End PBXShellScriptBuildPhase section */

/* Begin PBXSourcesBuildPhase section */
		8432C3DB18757F3D005C26B8 /* Sources */ = {
			isa = PBXSourcesBuildPhase;
			buildActionMask = 2147483647;
			files = (
				067B1603187B16540037DCE3 /* NBSMenuViewController.m in Sources */,
				8450691A18774EE60087FD3F /* NBSSocialManager+Facebook.m in Sources */,
				847A86CD1884A0B700884965 /* NBSImagesCollectionContainerViewController.m in Sources */,
				06E6A7F618907C2E00B1ABD4 /* NBSDesignAdditions.m in Sources */,
				8407B673189E5C7C00A4F36A /* NBSViewController.m in Sources */,
				8450694018785E6A0087FD3F /* UIViewController+NBSNavigationItems.m in Sources */,
				84506945187867720087FD3F /* NBSSharePreviewController.m in Sources */,
				8450692418777A800087FD3F /* NBSImageCollectionViewCell.m in Sources */,
				8450692E187792260087FD3F /* NBSNavigationController.m in Sources */,
				8432C3F318757F3E005C26B8 /* NBSAppDelegate.m in Sources */,
				842C7AF61886FFC1004CBA0C /* NBSPhotoPreviewController.m in Sources */,
				067B15FD187829F00037DCE3 /* NBSProfileViewController.m in Sources */,
				06708EA918969B06009AC9CD /* NBSJoinGroupViewController.m in Sources */,
				842237BB1896EB890061A724 /* NBSGoogleAnalytics.m in Sources */,
				8432C3EF18757F3E005C26B8 /* main.m in Sources */,
				84FAA7FE1875EC410007FB03 /* UIAlertView+NBSExtensions.m in Sources */,
				8432C4241875924A005C26B8 /* NBSInstructionsViewController.m in Sources */,
				06E6A7FA18907EFF00B1ABD4 /* NBSAboutProjectViewController.m in Sources */,
				84FAA8021875EC690007FB03 /* NBSLoginViewController.m in Sources */,
				84AB90BD1875FF2E005EEBE5 /* NBSSocialManager.m in Sources */,
				84B07DDB188D96C700D98EA2 /* UIView+NBSExtensions.m in Sources */,
				067B1600187B10DB0037DCE3 /* NBSRootViewController.m in Sources */,
				845069211877795D0087FD3F /* UIView+NIB.m in Sources */,
				845069131876E8080087FD3F /* NBSUser.m in Sources */,
				842C7AEC188582CA004CBA0C /* NBSImageCollectionContentPageController.m in Sources */,
				842C7AF11886F83C004CBA0C /* NBSPhotoCameraOverlay.m in Sources */,
				067B15D618773C5C0037DCE3 /* NBSSocialManager+Vkontakte.m in Sources */,
				84B276E218925D0800E5BE8E /* NBSServerManager.m in Sources */,
				84B07DD8188D962B00D98EA2 /* UIImage+NBSExtensions.m in Sources */,
				845069341878231B0087FD3F /* NBSMainWorkViewController.m in Sources */,
				84E0A013189396C200E863F2 /* NSDictionary+NBSExtensions.m in Sources */,
				8450693B187859230087FD3F /* NBSTemplateCameraOverlayView.m in Sources */,
				84FAA8061875EC840007FB03 /* NBSInstructionsContentViewController.m in Sources */,
				842237C4189720FE0061A724 /* NBSGalleryImage.m in Sources */,
				847A86CA1884901E00884965 /* NBSTemplate.m in Sources */,
				842237C71897238B0061A724 /* NBSGalleryDetalViewController.m in Sources */,
			);
			runOnlyForDeploymentPostprocessing = 0;
		};
		8432C3FF18757F3E005C26B8 /* Sources */ = {
			isa = PBXSourcesBuildPhase;
			buildActionMask = 2147483647;
			files = (
				8432C41118757F3E005C26B8 /* NescafeBrownSugarTests.m in Sources */,
			);
			runOnlyForDeploymentPostprocessing = 0;
		};
/* End PBXSourcesBuildPhase section */

/* Begin PBXTargetDependency section */
		8432C40918757F3E005C26B8 /* PBXTargetDependency */ = {
			isa = PBXTargetDependency;
			target = 8432C3DE18757F3D005C26B8 /* NescafeBrownSugar */;
			targetProxy = 8432C40818757F3E005C26B8 /* PBXContainerItemProxy */;
		};
/* End PBXTargetDependency section */

/* Begin PBXVariantGroup section */
		067B15E3187749600037DCE3 /* Localizable.strings */ = {
			isa = PBXVariantGroup;
			children = (
				84DD7B1218913684003B9986 /* Base */,
			);
			name = Localizable.strings;
			sourceTree = "<group>";
		};
		8432C3F418757F3E005C26B8 /* Main_iPhone.storyboard */ = {
			isa = PBXVariantGroup;
			children = (
				067B15FA187767310037DCE3 /* Base */,
			);
			name = Main_iPhone.storyboard;
			sourceTree = "<group>";
		};
		8432C3F718757F3E005C26B8 /* Main_iPad.storyboard */ = {
			isa = PBXVariantGroup;
			children = (
				8432C3F818757F3E005C26B8 /* Base */,
			);
			name = Main_iPad.storyboard;
			sourceTree = "<group>";
		};
/* End PBXVariantGroup section */

/* Begin XCBuildConfiguration section */
		8432C41218757F3E005C26B8 /* Debug */ = {
			isa = XCBuildConfiguration;
			buildSettings = {
				ALWAYS_SEARCH_USER_PATHS = NO;
				ARCHS = "$(ARCHS_STANDARD_INCLUDING_64_BIT)";
				CLANG_CXX_LANGUAGE_STANDARD = "gnu++0x";
				CLANG_CXX_LIBRARY = "libc++";
				CLANG_ENABLE_MODULES = YES;
				CLANG_ENABLE_OBJC_ARC = YES;
				CLANG_WARN_BOOL_CONVERSION = YES;
				CLANG_WARN_CONSTANT_CONVERSION = YES;
				CLANG_WARN_DIRECT_OBJC_ISA_USAGE = YES_ERROR;
				CLANG_WARN_EMPTY_BODY = YES;
				CLANG_WARN_ENUM_CONVERSION = YES;
				CLANG_WARN_INT_CONVERSION = YES;
				CLANG_WARN_OBJC_ROOT_CLASS = YES_ERROR;
				CLANG_WARN__DUPLICATE_METHOD_MATCH = YES;
				CODE_SIGN_IDENTITY = "iPhone Developer: Iryna Vasylyeva (86C4E82F6G)";
				"CODE_SIGN_IDENTITY[sdk=iphoneos*]" = "iPhone Developer: Iryna Vasylyeva (86C4E82F6G)";
				COPY_PHASE_STRIP = NO;
				GCC_C_LANGUAGE_STANDARD = gnu99;
				GCC_DYNAMIC_NO_PIC = NO;
				GCC_OPTIMIZATION_LEVEL = 0;
				GCC_PREPROCESSOR_DEFINITIONS = (
					"DEBUG=1",
					"$(inherited)",
				);
				GCC_SYMBOLS_PRIVATE_EXTERN = NO;
				GCC_WARN_64_TO_32_BIT_CONVERSION = YES;
				GCC_WARN_ABOUT_RETURN_TYPE = YES_ERROR;
				GCC_WARN_UNDECLARED_SELECTOR = YES;
				GCC_WARN_UNINITIALIZED_AUTOS = YES;
				GCC_WARN_UNUSED_FUNCTION = YES;
				GCC_WARN_UNUSED_VARIABLE = YES;
				IPHONEOS_DEPLOYMENT_TARGET = 7.0;
				ONLY_ACTIVE_ARCH = YES;
				PROVISIONING_PROFILE = "2D6EE126-C719-4077-AB9D-FEF876919D96";
				SDKROOT = iphoneos;
				TARGETED_DEVICE_FAMILY = "1,2";
			};
			name = Debug;
		};
		8432C41318757F3E005C26B8 /* Release */ = {
			isa = XCBuildConfiguration;
			buildSettings = {
				ALWAYS_SEARCH_USER_PATHS = NO;
				ARCHS = "$(ARCHS_STANDARD_INCLUDING_64_BIT)";
				CLANG_CXX_LANGUAGE_STANDARD = "gnu++0x";
				CLANG_CXX_LIBRARY = "libc++";
				CLANG_ENABLE_MODULES = YES;
				CLANG_ENABLE_OBJC_ARC = YES;
				CLANG_WARN_BOOL_CONVERSION = YES;
				CLANG_WARN_CONSTANT_CONVERSION = YES;
				CLANG_WARN_DIRECT_OBJC_ISA_USAGE = YES_ERROR;
				CLANG_WARN_EMPTY_BODY = YES;
				CLANG_WARN_ENUM_CONVERSION = YES;
				CLANG_WARN_INT_CONVERSION = YES;
				CLANG_WARN_OBJC_ROOT_CLASS = YES_ERROR;
				CLANG_WARN__DUPLICATE_METHOD_MATCH = YES;
				CODE_SIGN_IDENTITY = "iPhone Distribution: Iryna Vasylyeva (6ZM464WN24)";
				"CODE_SIGN_IDENTITY[sdk=iphoneos*]" = "iPhone Distribution: Iryna Vasylyeva (6ZM464WN24)";
				COPY_PHASE_STRIP = YES;
				ENABLE_NS_ASSERTIONS = NO;
				GCC_C_LANGUAGE_STANDARD = gnu99;
				GCC_WARN_64_TO_32_BIT_CONVERSION = YES;
				GCC_WARN_ABOUT_RETURN_TYPE = YES_ERROR;
				GCC_WARN_UNDECLARED_SELECTOR = YES;
				GCC_WARN_UNINITIALIZED_AUTOS = YES;
				GCC_WARN_UNUSED_FUNCTION = YES;
				GCC_WARN_UNUSED_VARIABLE = YES;
				IPHONEOS_DEPLOYMENT_TARGET = 7.0;
				PROVISIONING_PROFILE = "2B8B7C1C-B078-4C6C-9CF8-36E034B31B57";
				SDKROOT = iphoneos;
				TARGETED_DEVICE_FAMILY = "1,2";
				VALIDATE_PRODUCT = YES;
			};
			name = Release;
		};
		8432C41518757F3E005C26B8 /* Debug */ = {
			isa = XCBuildConfiguration;
			baseConfigurationReference = C964371ED0344922A75D1934 /* Pods.xcconfig */;
			buildSettings = {
				ARCHS = "$(ARCHS_STANDARD)";
				ASSETCATALOG_COMPILER_APPICON_NAME = AppIcon;
				ASSETCATALOG_COMPILER_LAUNCHIMAGE_NAME = LaunchImage;
				CODE_SIGN_IDENTITY = "iPhone Developer: Iryna Vasylyeva (86C4E82F6G)";
				"CODE_SIGN_IDENTITY[sdk=iphoneos*]" = "iPhone Developer: Iryna Vasylyeva (86C4E82F6G)";
				GCC_PRECOMPILE_PREFIX_HEADER = YES;
				GCC_PREFIX_HEADER = "NescafeBrownSugar/NescafeBrownSugar-Prefix.pch";
				GCC_WARN_64_TO_32_BIT_CONVERSION = YES;
				INFOPLIST_FILE = "NescafeBrownSugar/NescafeBrownSugar-Info.plist";
				IPHONEOS_DEPLOYMENT_TARGET = 6.0;
				PRODUCT_NAME = "$(TARGET_NAME)";
				PROVISIONING_PROFILE = "2D6EE126-C719-4077-AB9D-FEF876919D96";
				TARGETED_DEVICE_FAMILY = "1,2";
				VALID_ARCHS = "armv7 armv7s";
				WRAPPER_EXTENSION = app;
			};
			name = Debug;
		};
		8432C41618757F3E005C26B8 /* Release */ = {
			isa = XCBuildConfiguration;
			baseConfigurationReference = C964371ED0344922A75D1934 /* Pods.xcconfig */;
			buildSettings = {
				ARCHS = "$(ARCHS_STANDARD)";
				ASSETCATALOG_COMPILER_APPICON_NAME = AppIcon;
				ASSETCATALOG_COMPILER_LAUNCHIMAGE_NAME = LaunchImage;
				CODE_SIGN_IDENTITY = "iPhone Distribution: Iryna Vasylyeva (6ZM464WN24)";
				"CODE_SIGN_IDENTITY[sdk=iphoneos*]" = "iPhone Distribution: Iryna Vasylyeva (6ZM464WN24)";
				GCC_PRECOMPILE_PREFIX_HEADER = YES;
				GCC_PREFIX_HEADER = "NescafeBrownSugar/NescafeBrownSugar-Prefix.pch";
				GCC_WARN_64_TO_32_BIT_CONVERSION = YES;
				"GCC_WARN_64_TO_32_BIT_CONVERSION[arch=*64]" = YES;
				INFOPLIST_FILE = "NescafeBrownSugar/NescafeBrownSugar-Info.plist";
				IPHONEOS_DEPLOYMENT_TARGET = 6.0;
				PRODUCT_NAME = "$(TARGET_NAME)";
				PROVISIONING_PROFILE = "2B8B7C1C-B078-4C6C-9CF8-36E034B31B57";
				TARGETED_DEVICE_FAMILY = "1,2";
				VALID_ARCHS = "armv7 armv7s";
				WRAPPER_EXTENSION = app;
			};
			name = Release;
		};
		8432C41818757F3E005C26B8 /* Debug */ = {
			isa = XCBuildConfiguration;
			buildSettings = {
				ARCHS = "$(ARCHS_STANDARD_INCLUDING_64_BIT)";
				BUNDLE_LOADER = "$(BUILT_PRODUCTS_DIR)/NescafeBrownSugar.app/NescafeBrownSugar";
				FRAMEWORK_SEARCH_PATHS = (
					"$(SDKROOT)/Developer/Library/Frameworks",
					"$(inherited)",
					"$(DEVELOPER_FRAMEWORKS_DIR)",
				);
				GCC_PRECOMPILE_PREFIX_HEADER = YES;
				GCC_PREFIX_HEADER = "NescafeBrownSugar/NescafeBrownSugar-Prefix.pch";
				GCC_PREPROCESSOR_DEFINITIONS = (
					"DEBUG=1",
					"$(inherited)",
				);
				INFOPLIST_FILE = "NescafeBrownSugarTests/NescafeBrownSugarTests-Info.plist";
				PRODUCT_NAME = "$(TARGET_NAME)";
				TEST_HOST = "$(BUNDLE_LOADER)";
				WRAPPER_EXTENSION = xctest;
			};
			name = Debug;
		};
		8432C41918757F3E005C26B8 /* Release */ = {
			isa = XCBuildConfiguration;
			buildSettings = {
				ARCHS = "$(ARCHS_STANDARD_INCLUDING_64_BIT)";
				BUNDLE_LOADER = "$(BUILT_PRODUCTS_DIR)/NescafeBrownSugar.app/NescafeBrownSugar";
				FRAMEWORK_SEARCH_PATHS = (
					"$(SDKROOT)/Developer/Library/Frameworks",
					"$(inherited)",
					"$(DEVELOPER_FRAMEWORKS_DIR)",
				);
				GCC_PRECOMPILE_PREFIX_HEADER = YES;
				GCC_PREFIX_HEADER = "NescafeBrownSugar/NescafeBrownSugar-Prefix.pch";
				INFOPLIST_FILE = "NescafeBrownSugarTests/NescafeBrownSugarTests-Info.plist";
				PRODUCT_NAME = "$(TARGET_NAME)";
				TEST_HOST = "$(BUNDLE_LOADER)";
				WRAPPER_EXTENSION = xctest;
			};
			name = Release;
		};
/* End XCBuildConfiguration section */

/* Begin XCConfigurationList section */
		8432C3DA18757F3D005C26B8 /* Build configuration list for PBXProject "NescafeBrownSugar" */ = {
			isa = XCConfigurationList;
			buildConfigurations = (
				8432C41218757F3E005C26B8 /* Debug */,
				8432C41318757F3E005C26B8 /* Release */,
			);
			defaultConfigurationIsVisible = 0;
			defaultConfigurationName = Release;
		};
		8432C41418757F3E005C26B8 /* Build configuration list for PBXNativeTarget "NescafeBrownSugar" */ = {
			isa = XCConfigurationList;
			buildConfigurations = (
				8432C41518757F3E005C26B8 /* Debug */,
				8432C41618757F3E005C26B8 /* Release */,
			);
			defaultConfigurationIsVisible = 0;
			defaultConfigurationName = Release;
		};
		8432C41718757F3E005C26B8 /* Build configuration list for PBXNativeTarget "NescafeBrownSugarTests" */ = {
			isa = XCConfigurationList;
			buildConfigurations = (
				8432C41818757F3E005C26B8 /* Debug */,
				8432C41918757F3E005C26B8 /* Release */,
			);
			defaultConfigurationIsVisible = 0;
			defaultConfigurationName = Release;
		};
/* End XCConfigurationList section */
	};
	rootObject = 8432C3D718757F3D005C26B8 /* Project object */;
}
